// !$*UTF8*$!
{
	archiveVersion = 1;
	classes = {
	};
	objectVersion = 55;
	objects = {

/* Begin PBXBuildFile section */
		04AD3E9B29B864FE00025D87 /* AppDelegate.swift in Sources */ = {isa = PBXBuildFile; fileRef = 04AD3E9A29B864FE00025D87 /* AppDelegate.swift */; };
		04AD3E9D29B864FE00025D87 /* SceneDelegate.swift in Sources */ = {isa = PBXBuildFile; fileRef = 04AD3E9C29B864FE00025D87 /* SceneDelegate.swift */; };
		04AD3E9F29B864FE00025D87 /* ViewController.swift in Sources */ = {isa = PBXBuildFile; fileRef = 04AD3E9E29B864FE00025D87 /* ViewController.swift */; };
		04AD3EA229B864FE00025D87 /* Main.storyboard in Resources */ = {isa = PBXBuildFile; fileRef = 04AD3EA029B864FE00025D87 /* Main.storyboard */; };
		04AD3EA429B8650100025D87 /* Assets.xcassets in Resources */ = {isa = PBXBuildFile; fileRef = 04AD3EA329B8650100025D87 /* Assets.xcassets */; };
		04AD3EA729B8650100025D87 /* LaunchScreen.storyboard in Resources */ = {isa = PBXBuildFile; fileRef = 04AD3EA529B8650100025D87 /* LaunchScreen.storyboard */; };
		04AD3EAF29B87FEF00025D87 /* Product.swift in Sources */ = {isa = PBXBuildFile; fileRef = 04AD3EAE29B87FEF00025D87 /* Product.swift */; };
		04AD3EB229B881A700025D87 /* ProductTableViewCell.swift in Sources */ = {isa = PBXBuildFile; fileRef = 04AD3EB029B881A700025D87 /* ProductTableViewCell.swift */; };
		04AD3EB329B881A700025D87 /* ProductTableViewCell.xib in Resources */ = {isa = PBXBuildFile; fileRef = 04AD3EB129B881A700025D87 /* ProductTableViewCell.xib */; };
		096D3D49BDE4C8F100EC9DA7 /* Pods_ProductApi.framework in Frameworks */ = {isa = PBXBuildFile; fileRef = D85329D4F65911552C41C930 /* Pods_ProductApi.framework */; };
/* End PBXBuildFile section */

/* Begin PBXFileReference section */
		04AD3E9729B864FE00025D87 /* ProductApi.app */ = {isa = PBXFileReference; explicitFileType = wrapper.application; includeInIndex = 0; path = ProductApi.app; sourceTree = BUILT_PRODUCTS_DIR; };
		04AD3E9A29B864FE00025D87 /* AppDelegate.swift */ = {isa = PBXFileReference; lastKnownFileType = sourcecode.swift; path = AppDelegate.swift; sourceTree = "<group>"; };
		04AD3E9C29B864FE00025D87 /* SceneDelegate.swift */ = {isa = PBXFileReference; lastKnownFileType = sourcecode.swift; path = SceneDelegate.swift; sourceTree = "<group>"; };
		04AD3E9E29B864FE00025D87 /* ViewController.swift */ = {isa = PBXFileReference; lastKnownFileType = sourcecode.swift; path = ViewController.swift; sourceTree = "<group>"; };
		04AD3EA129B864FE00025D87 /* Base */ = {isa = PBXFileReference; lastKnownFileType = file.storyboard; name = Base; path = Base.lproj/Main.storyboard; sourceTree = "<group>"; };
		04AD3EA329B8650100025D87 /* Assets.xcassets */ = {isa = PBXFileReference; lastKnownFileType = folder.assetcatalog; path = Assets.xcassets; sourceTree = "<group>"; };
		04AD3EA629B8650100025D87 /* Base */ = {isa = PBXFileReference; lastKnownFileType = file.storyboard; name = Base; path = Base.lproj/LaunchScreen.storyboard; sourceTree = "<group>"; };
		04AD3EA829B8650100025D87 /* Info.plist */ = {isa = PBXFileReference; lastKnownFileType = text.plist.xml; path = Info.plist; sourceTree = "<group>"; };
		04AD3EAE29B87FEF00025D87 /* Product.swift */ = {isa = PBXFileReference; lastKnownFileType = sourcecode.swift; path = Product.swift; sourceTree = "<group>"; };
		04AD3EB029B881A700025D87 /* ProductTableViewCell.swift */ = {isa = PBXFileReference; lastKnownFileType = sourcecode.swift; path = ProductTableViewCell.swift; sourceTree = "<group>"; };
		04AD3EB129B881A700025D87 /* ProductTableViewCell.xib */ = {isa = PBXFileReference; lastKnownFileType = file.xib; path = ProductTableViewCell.xib; sourceTree = "<group>"; };
		3FF519784E38D1DE69B58D3B /* Pods-ProductApi.release.xcconfig */ = {isa = PBXFileReference; includeInIndex = 1; lastKnownFileType = text.xcconfig; name = "Pods-ProductApi.release.xcconfig"; path = "Target Support Files/Pods-ProductApi/Pods-ProductApi.release.xcconfig"; sourceTree = "<group>"; };
		4681B16BCC2475B80D267B42 /* Pods-ProductApi.debug.xcconfig */ = {isa = PBXFileReference; includeInIndex = 1; lastKnownFileType = text.xcconfig; name = "Pods-ProductApi.debug.xcconfig"; path = "Target Support Files/Pods-ProductApi/Pods-ProductApi.debug.xcconfig"; sourceTree = "<group>"; };
		D85329D4F65911552C41C930 /* Pods_ProductApi.framework */ = {isa = PBXFileReference; explicitFileType = wrapper.framework; includeInIndex = 0; path = Pods_ProductApi.framework; sourceTree = BUILT_PRODUCTS_DIR; };
/* End PBXFileReference section */

/* Begin PBXFrameworksBuildPhase section */
		04AD3E9429B864FE00025D87 /* Frameworks */ = {
			isa = PBXFrameworksBuildPhase;
			buildActionMask = 2147483647;
			files = (
				096D3D49BDE4C8F100EC9DA7 /* Pods_ProductApi.framework in Frameworks */,
			);
			runOnlyForDeploymentPostprocessing = 0;
		};
/* End PBXFrameworksBuildPhase section */

/* Begin PBXGroup section */
		04AD3E8E29B864FE00025D87 = {
			isa = PBXGroup;
			children = (
				04AD3E9929B864FE00025D87 /* ProductApi */,
				04AD3E9829B864FE00025D87 /* Products */,
				A814C9B38C8C85B77762D8E9 /* Pods */,
				64B7BE015169BAF7D0F49722 /* Frameworks */,
			);
			sourceTree = "<group>";
		};
		04AD3E9829B864FE00025D87 /* Products */ = {
			isa = PBXGroup;
			children = (
				04AD3E9729B864FE00025D87 /* ProductApi.app */,
			);
			name = Products;
			sourceTree = "<group>";
		};
		04AD3E9929B864FE00025D87 /* ProductApi */ = {
			isa = PBXGroup;
			children = (
				04AD3E9A29B864FE00025D87 /* AppDelegate.swift */,
				04AD3E9C29B864FE00025D87 /* SceneDelegate.swift */,
				04AD3E9E29B864FE00025D87 /* ViewController.swift */,
				04AD3EA029B864FE00025D87 /* Main.storyboard */,
				04AD3EA329B8650100025D87 /* Assets.xcassets */,
				04AD3EA529B8650100025D87 /* LaunchScreen.storyboard */,
				04AD3EA829B8650100025D87 /* Info.plist */,
				04AD3EAE29B87FEF00025D87 /* Product.swift */,
				04AD3EB029B881A700025D87 /* ProductTableViewCell.swift */,
				04AD3EB129B881A700025D87 /* ProductTableViewCell.xib */,
			);
			path = ProductApi;
			sourceTree = "<group>";
		};
		64B7BE015169BAF7D0F49722 /* Frameworks */ = {
			isa = PBXGroup;
			children = (
				D85329D4F65911552C41C930 /* Pods_ProductApi.framework */,
			);
			name = Frameworks;
			sourceTree = "<group>";
		};
		A814C9B38C8C85B77762D8E9 /* Pods */ = {
			isa = PBXGroup;
			children = (
				4681B16BCC2475B80D267B42 /* Pods-ProductApi.debug.xcconfig */,
				3FF519784E38D1DE69B58D3B /* Pods-ProductApi.release.xcconfig */,
			);
			path = Pods;
			sourceTree = "<group>";
		};
/* End PBXGroup section */

/* Begin PBXNativeTarget section */
		04AD3E9629B864FE00025D87 /* ProductApi */ = {
			isa = PBXNativeTarget;
			buildConfigurationList = 04AD3EAB29B8650200025D87 /* Build configuration list for PBXNativeTarget "ProductApi" */;
			buildPhases = (
				800D6BD324224B8E8FE334F3 /* [CP] Check Pods Manifest.lock */,
				04AD3E9329B864FE00025D87 /* Sources */,
				04AD3E9429B864FE00025D87 /* Frameworks */,
				04AD3E9529B864FE00025D87 /* Resources */,
				043B9A6C8EB6B0863ACDE642 /* [CP] Embed Pods Frameworks */,
			);
			buildRules = (
			);
			dependencies = (
			);
			name = ProductApi;
			productName = ProductApi;
			productReference = 04AD3E9729B864FE00025D87 /* ProductApi.app */;
			productType = "com.apple.product-type.application";
		};
/* End PBXNativeTarget section */

/* Begin PBXProject section */
		04AD3E8F29B864FE00025D87 /* Project object */ = {
			isa = PBXProject;
			attributes = {
				BuildIndependentTargetsInParallel = 1;
				LastSwiftUpdateCheck = 1340;
				LastUpgradeCheck = 1340;
				TargetAttributes = {
					04AD3E9629B864FE00025D87 = {
						CreatedOnToolsVersion = 13.4.1;
					};
				};
			};
			buildConfigurationList = 04AD3E9229B864FE00025D87 /* Build configuration list for PBXProject "ProductApi" */;
			compatibilityVersion = "Xcode 13.0";
			developmentRegion = en;
			hasScannedForEncodings = 0;
			knownRegions = (
				en,
				Base,
			);
			mainGroup = 04AD3E8E29B864FE00025D87;
			productRefGroup = 04AD3E9829B864FE00025D87 /* Products */;
			projectDirPath = "";
			projectRoot = "";
			targets = (
				04AD3E9629B864FE00025D87 /* ProductApi */,
			);
		};
/* End PBXProject section */

/* Begin PBXResourcesBuildPhase section */
		04AD3E9529B864FE00025D87 /* Resources */ = {
			isa = PBXResourcesBuildPhase;
			buildActionMask = 2147483647;
			files = (
				04AD3EA729B8650100025D87 /* LaunchScreen.storyboard in Resources */,
				04AD3EB329B881A700025D87 /* ProductTableViewCell.xib in Resources */,
				04AD3EA429B8650100025D87 /* Assets.xcassets in Resources */,
				04AD3EA229B864FE00025D87 /* Main.storyboard in Resources */,
			);
			runOnlyForDeploymentPostprocessing = 0;
		};
/* End PBXResourcesBuildPhase section */

/* Begin PBXShellScriptBuildPhase section */
		043B9A6C8EB6B0863ACDE642 /* [CP] Embed Pods Frameworks */ = {
			isa = PBXShellScriptBuildPhase;
			buildActionMask = 2147483647;
			files = (
			);
			inputFileListPaths = (
				"${PODS_ROOT}/Target Support Files/Pods-ProductApi/Pods-ProductApi-frameworks-${CONFIGURATION}-input-files.xcfilelist",
			);
			name = "[CP] Embed Pods Frameworks";
			outputFileListPaths = (
				"${PODS_ROOT}/Target Support Files/Pods-ProductApi/Pods-ProductApi-frameworks-${CONFIGURATION}-output-files.xcfilelist",
			);
			runOnlyForDeploymentPostprocessing = 0;
			shellPath = /bin/sh;
			shellScript = "\"${PODS_ROOT}/Target Support Files/Pods-ProductApi/Pods-ProductApi-frameworks.sh\"\n";
			showEnvVarsInLog = 0;
		};
		800D6BD324224B8E8FE334F3 /* [CP] Check Pods Manifest.lock */ = {
			isa = PBXShellScriptBuildPhase;
			buildActionMask = 2147483647;
			files = (
			);
			inputFileListPaths = (
			);
			inputPaths = (
				"${PODS_PODFILE_DIR_PATH}/Podfile.lock",
				"${PODS_ROOT}/Manifest.lock",
			);
			name = "[CP] Check Pods Manifest.lock";
			outputFileListPaths = (
			);
			outputPaths = (
				"$(DERIVED_FILE_DIR)/Pods-ProductApi-checkManifestLockResult.txt",
			);
			runOnlyForDeploymentPostprocessing = 0;
			shellPath = /bin/sh;
			shellScript = "diff \"${PODS_PODFILE_DIR_PATH}/Podfile.lock\" \"${PODS_ROOT}/Manifest.lock\" > /dev/null\nif [ $? != 0 ] ; then\n    # print error to STDERR\n    echo \"error: The sandbox is not in sync with the Podfile.lock. Run 'pod install' or update your CocoaPods installation.\" >&2\n    exit 1\nfi\n# This output is used by Xcode 'outputs' to avoid re-running this script phase.\necho \"SUCCESS\" > \"${SCRIPT_OUTPUT_FILE_0}\"\n";
			showEnvVarsInLog = 0;
		};
/* End PBXShellScriptBuildPhase section */

/* Begin PBXSourcesBuildPhase section */
		04AD3E9329B864FE00025D87 /* Sources */ = {
			isa = PBXSourcesBuildPhase;
			buildActionMask = 2147483647;
			files = (
				04AD3E9F29B864FE00025D87 /* ViewController.swift in Sources */,
				04AD3EAF29B87FEF00025D87 /* Product.swift in Sources */,
				04AD3EB229B881A700025D87 /* ProductTableViewCell.swift in Sources */,
				04AD3E9B29B864FE00025D87 /* AppDelegate.swift in Sources */,
				04AD3E9D29B864FE00025D87 /* SceneDelegate.swift in Sources */,
			);
			runOnlyForDeploymentPostprocessing = 0;
		};
/* End PBXSourcesBuildPhase section */

/* Begin PBXVariantGroup section */
		04AD3EA029B864FE00025D87 /* Main.storyboard */ = {
			isa = PBXVariantGroup;
			children = (
				04AD3EA129B864FE00025D87 /* Base */,
			);
			name = Main.storyboard;
			sourceTree = "<group>";
		};
		04AD3EA529B8650100025D87 /* LaunchScreen.storyboard */ = {
			isa = PBXVariantGroup;
			children = (
				04AD3EA629B8650100025D87 /* Base */,
			);
			name = LaunchScreen.storyboard;
			sourceTree = "<group>";
		};
/* End PBXVariantGroup section */

/* Begin XCBuildConfiguration section */
		04AD3EA929B8650100025D87 /* Debug */ = {
			isa = XCBuildConfiguration;
			buildSettings = {
				ALWAYS_SEARCH_USER_PATHS = NO;
				CLANG_ANALYZER_NONNULL = YES;
				CLANG_ANALYZER_NUMBER_OBJECT_CONVERSION = YES_AGGRESSIVE;
				CLANG_CXX_LANGUAGE_STANDARD = "gnu++17";
				CLANG_ENABLE_MODULES = YES;
				CLANG_ENABLE_OBJC_ARC = YES;
				CLANG_ENABLE_OBJC_WEAK = YES;
				CLANG_WARN_BLOCK_CAPTURE_AUTORELEASING = YES;
				CLANG_WARN_BOOL_CONVERSION = YES;
				CLANG_WARN_COMMA = YES;
				CLANG_WARN_CONSTANT_CONVERSION = YES;
				CLANG_WARN_DEPRECATED_OBJC_IMPLEMENTATIONS = YES;
				CLANG_WARN_DIRECT_OBJC_ISA_USAGE = YES_ERROR;
				CLANG_WARN_DOCUMENTATION_COMMENTS = YES;
				CLANG_WARN_EMPTY_BODY = YES;
				CLANG_WARN_ENUM_CONVERSION = YES;
				CLANG_WARN_INFINITE_RECURSION = YES;
				CLANG_WARN_INT_CONVERSION = YES;
				CLANG_WARN_NON_LITERAL_NULL_CONVERSION = YES;
				CLANG_WARN_OBJC_IMPLICIT_RETAIN_SELF = YES;
				CLANG_WARN_OBJC_LITERAL_CONVERSION = YES;
				CLANG_WARN_OBJC_ROOT_CLASS = YES_ERROR;
				CLANG_WARN_QUOTED_INCLUDE_IN_FRAMEWORK_HEADER = YES;
				CLANG_WARN_RANGE_LOOP_ANALYSIS = YES;
				CLANG_WARN_STRICT_PROTOTYPES = YES;
				CLANG_WARN_SUSPICIOUS_MOVE = YES;
				CLANG_WARN_UNGUARDED_AVAILABILITY = YES_AGGRESSIVE;
				CLANG_WARN_UNREACHABLE_CODE = YES;
				CLANG_WARN__DUPLICATE_METHOD_MATCH = YES;
				COPY_PHASE_STRIP = NO;
				DEBUG_INFORMATION_FORMAT = dwarf;
				ENABLE_STRICT_OBJC_MSGSEND = YES;
				ENABLE_TESTABILITY = YES;
				GCC_C_LANGUAGE_STANDARD = gnu11;
				GCC_DYNAMIC_NO_PIC = NO;
				GCC_NO_COMMON_BLOCKS = YES;
				GCC_OPTIMIZATION_LEVEL = 0;
				GCC_PREPROCESSOR_DEFINITIONS = (
					"DEBUG=1",
					"$(inherited)",
				);
				GCC_WARN_64_TO_32_BIT_CONVERSION = YES;
				GCC_WARN_ABOUT_RETURN_TYPE = YES_ERROR;
				GCC_WARN_UNDECLARED_SELECTOR = YES;
				GCC_WARN_UNINITIALIZED_AUTOS = YES_AGGRESSIVE;
				GCC_WARN_UNUSED_FUNCTION = YES;
				GCC_WARN_UNUSED_VARIABLE = YES;
				IPHONEOS_DEPLOYMENT_TARGET = 15.5;
				MTL_ENABLE_DEBUG_INFO = INCLUDE_SOURCE;
				MTL_FAST_MATH = YES;
				ONLY_ACTIVE_ARCH = YES;
				SDKROOT = iphoneos;
				SWIFT_ACTIVE_COMPILATION_CONDITIONS = DEBUG;
				SWIFT_OPTIMIZATION_LEVEL = "-Onone";
			};
			name = Debug;
		};
		04AD3EAA29B8650100025D87 /* Release */ = {
			isa = XCBuildConfiguration;
			buildSettings = {
				ALWAYS_SEARCH_USER_PATHS = NO;
				CLANG_ANALYZER_NONNULL = YES;
				CLANG_ANALYZER_NUMBER_OBJECT_CONVERSION = YES_AGGRESSIVE;
				CLANG_CXX_LANGUAGE_STANDARD = "gnu++17";
				CLANG_ENABLE_MODULES = YES;
				CLANG_ENABLE_OBJC_ARC = YES;
				CLANG_ENABLE_OBJC_WEAK = YES;
				CLANG_WARN_BLOCK_CAPTURE_AUTORELEASING = YES;
				CLANG_WARN_BOOL_CONVERSION = YES;
				CLANG_WARN_COMMA = YES;
				CLANG_WARN_CONSTANT_CONVERSION = YES;
				CLANG_WARN_DEPRECATED_OBJC_IMPLEMENTATIONS = YES;
				CLANG_WARN_DIRECT_OBJC_ISA_USAGE = YES_ERROR;
				CLANG_WARN_DOCUMENTATION_COMMENTS = YES;
				CLANG_WARN_EMPTY_BODY = YES;
				CLANG_WARN_ENUM_CONVERSION = YES;
				CLANG_WARN_INFINITE_RECURSION = YES;
				CLANG_WARN_INT_CONVERSION = YES;
				CLANG_WARN_NON_LITERAL_NULL_CONVERSION = YES;
				CLANG_WARN_OBJC_IMPLICIT_RETAIN_SELF = YES;
				CLANG_WARN_OBJC_LITERAL_CONVERSION = YES;
				CLANG_WARN_OBJC_ROOT_CLASS = YES_ERROR;
				CLANG_WARN_QUOTED_INCLUDE_IN_FRAMEWORK_HEADER = YES;
				CLANG_WARN_RANGE_LOOP_ANALYSIS = YES;
				CLANG_WARN_STRICT_PROTOTYPES = YES;
				CLANG_WARN_SUSPICIOUS_MOVE = YES;
				CLANG_WARN_UNGUARDED_AVAILABILITY = YES_AGGRESSIVE;
				CLANG_WARN_UNREACHABLE_CODE = YES;
				CLANG_WARN__DUPLICATE_METHOD_MATCH = YES;
				COPY_PHASE_STRIP = NO;
				DEBUG_INFORMATION_FORMAT = "dwarf-with-dsym";
				ENABLE_NS_ASSERTIONS = NO;
				ENABLE_STRICT_OBJC_MSGSEND = YES;
				GCC_C_LANGUAGE_STANDARD = gnu11;
				GCC_NO_COMMON_BLOCKS = YES;
				GCC_WARN_64_TO_32_BIT_CONVERSION = YES;
				GCC_WARN_ABOUT_RETURN_TYPE = YES_ERROR;
				GCC_WARN_UNDECLARED_SELECTOR = YES;
				GCC_WARN_UNINITIALIZED_AUTOS = YES_AGGRESSIVE;
				GCC_WARN_UNUSED_FUNCTION = YES;
				GCC_WARN_UNUSED_VARIABLE = YES;
				IPHONEOS_DEPLOYMENT_TARGET = 15.5;
				MTL_ENABLE_DEBUG_INFO = NO;
				MTL_FAST_MATH = YES;
				SDKROOT = iphoneos;
				SWIFT_COMPILATION_MODE = wholemodule;
				SWIFT_OPTIMIZATION_LEVEL = "-O";
				VALIDATE_PRODUCT = YES;
			};
			name = Release;
		};
		04AD3EAC29B8650200025D87 /* Debug */ = {
			isa = XCBuildConfiguration;
			baseConfigurationReference = 4681B16BCC2475B80D267B42 /* Pods-ProductApi.debug.xcconfig */;
			buildSettings = {
				ASSETCATALOG_COMPILER_APPICON_NAME = AppIcon;
				ASSETCATALOG_COMPILER_GLOBAL_ACCENT_COLOR_NAME = AccentColor;
				CODE_SIGN_STYLE = Automatic;
				CURRENT_PROJECT_VERSION = 1;
				GENERATE_INFOPLIST_FILE = YES;
				INFOPLIST_FILE = ProductApi/Info.plist;
				INFOPLIST_KEY_UIApplicationSupportsIndirectInputEvents = YES;
				INFOPLIST_KEY_UILaunchStoryboardName = LaunchScreen;
				INFOPLIST_KEY_UIMainStoryboardFile = Main;
				INFOPLIST_KEY_UISupportedInterfaceOrientations_iPad = "UIInterfaceOrientationPortrait UIInterfaceOrientationPortraitUpsideDown UIInterfaceOrientationLandscapeLeft UIInterfaceOrientationLandscapeRight";
				INFOPLIST_KEY_UISupportedInterfaceOrientations_iPhone = "UIInterfaceOrientationPortrait UIInterfaceOrientationLandscapeLeft UIInterfaceOrientationLandscapeRight";
				LD_RUNPATH_SEARCH_PATHS = (
					"$(inherited)",
					"@executable_path/Frameworks",
				);
				MARKETING_VERSION = 1.0;
				PRODUCT_BUNDLE_IDENTIFIER = com.Mayuri.ProductApi;
				PRODUCT_NAME = "$(TARGET_NAME)";
				SWIFT_EMIT_LOC_STRINGS = YES;
				SWIFT_VERSION = 5.0;
				TARGETED_DEVICE_FAMILY = "1,2";
			};
			name = Debug;
		};
		04AD3EAD29B8650200025D87 /* Release */ = {
			isa = XCBuildConfiguration;
			baseConfigurationReference = 3FF519784E38D1DE69B58D3B /* Pods-ProductApi.release.xcconfig */;
			buildSettings = {
				ASSETCATALOG_COMPILER_APPICON_NAME = AppIcon;
				ASSETCATALOG_COMPILER_GLOBAL_ACCENT_COLOR_NAME = AccentColor;
				CODE_SIGN_STYLE = Automatic;
				CURRENT_PROJECT_VERSION = 1;
				GENERATE_INFOPLIST_FILE = YES;
				INFOPLIST_FILE = ProductApi/Info.plist;
				INFOPLIST_KEY_UIApplicationSupportsIndirectInputEvents = YES;
				INFOPLIST_KEY_UILaunchStoryboardName = LaunchScreen;
				INFOPLIST_KEY_UIMainStoryboardFile = Main;
				INFOPLIST_KEY_UISupportedInterfaceOrientations_iPad = "UIInterfaceOrientationPortrait UIInterfaceOrientationPortraitUpsideDown UIInterfaceOrientationLandscapeLeft UIInterfaceOrientationLandscapeRight";
				INFOPLIST_KEY_UISupportedInterfaceOrientations_iPhone = "UIInterfaceOrientationPortrait UIInterfaceOrientationLandscapeLeft UIInterfaceOrientationLandscapeRight";
				LD_RUNPATH_SEARCH_PATHS = (
					"$(inherited)",
					"@executable_path/Frameworks",
				);
				MARKETING_VERSION = 1.0;
				PRODUCT_BUNDLE_IDENTIFIER = com.Mayuri.ProductApi;
				PRODUCT_NAME = "$(TARGET_NAME)";
				SWIFT_EMIT_LOC_STRINGS = YES;
				SWIFT_VERSION = 5.0;
				TARGETED_DEVICE_FAMILY = "1,2";
			};
			name = Release;
		};
/* End XCBuildConfiguration section */

/* Begin XCConfigurationList section */
		04AD3E9229B864FE00025D87 /* Build configuration list for PBXProject "ProductApi" */ = {
			isa = XCConfigurationList;
			buildConfigurations = (
				04AD3EA929B8650100025D87 /* Debug */,
				04AD3EAA29B8650100025D87 /* Release */,
			);
			defaultConfigurationIsVisible = 0;
			defaultConfigurationName = Release;
		};
		04AD3EAB29B8650200025D87 /* Build configuration list for PBXNativeTarget "ProductApi" */ = {
			isa = XCConfigurationList;
			buildConfigurations = (
				04AD3EAC29B8650200025D87 /* Debug */,
				04AD3EAD29B8650200025D87 /* Release */,
			);
			defaultConfigurationIsVisible = 0;
			defaultConfigurationName = Release;
		};
/* End XCConfigurationList section */
	};
	rootObject = 04AD3E8F29B864FE00025D87 /* Project object */;
}
